{
	"name": "Foxie-Bot",
	"version": "1.0.0",
	"lockfileVersion": 1,
	"dependencies": {
		"abbrev": {
			"version": "1.1.0",
			"resolved": "https://registry.npmjs.org/abbrev/-/abbrev-1.1.0.tgz",
			"integrity": "sha1-0FVMIlZjbi9W58LlrRg/hZQo2B8="
		},
		"ansi-regex": {
			"version": "2.1.1",
			"resolved": "https://registry.npmjs.org/ansi-regex/-/ansi-regex-2.1.1.tgz",
			"integrity": "sha1-w7M6te42DYbg5ijwRorn7yfWVN8="
		},
		"ansi-styles": {
			"version": "2.2.1",
			"resolved": "https://registry.npmjs.org/ansi-styles/-/ansi-styles-2.2.1.tgz",
			"integrity": "sha1-tDLdM1i2NM914eRmQ2gkBTPB3b4="
		},
		"asn1": {
			"version": "0.2.3",
			"resolved": "https://registry.npmjs.org/asn1/-/asn1-0.2.3.tgz",
			"integrity": "sha1-2sh4dxPJlmhJ/IGAd36+nB3fO4Y="
		},
		"assert-plus": {
			"version": "0.2.0",
			"resolved": "https://registry.npmjs.org/assert-plus/-/assert-plus-0.2.0.tgz",
			"integrity": "sha1-104bh+ev/A24qttwIfP+SBAasjQ="
		},
		"async": {
			"version": "2.5.0",
			"resolved": "https://registry.npmjs.org/async/-/async-2.5.0.tgz",
			"integrity": "sha512-e+lJAJeNWuPCNyxZKOBdaJGyLGHugXVQtrAwtuAe2vhxTYxFTKE73p8JuTmdH0qdQZtDvI4dhJwjZc5zsfIsYw=="
		},
		"aws-sign2": {
			"version": "0.6.0",
			"resolved": "https://registry.npmjs.org/aws-sign2/-/aws-sign2-0.6.0.tgz",
			"integrity": "sha1-FDQt0428yU0OW4fXY81jYSwOeU8="
		},
		"aws4": {
			"version": "1.6.0",
			"resolved": "https://registry.npmjs.org/aws4/-/aws4-1.6.0.tgz",
			"integrity": "sha1-g+9cqGCysy5KDe7e6MdxudtXRx4="
		},
		"bcrypt-pbkdf": {
			"version": "1.0.1",
			"resolved": "https://registry.npmjs.org/bcrypt-pbkdf/-/bcrypt-pbkdf-1.0.1.tgz",
			"integrity": "sha1-Y7xdy2EzG5K8Bf1SiVPDNGKgb40=",
			"optional": true
		},
		"big-integer": {
			"version": "1.6.23",
			"resolved": "https://registry.npmjs.org/big-integer/-/big-integer-1.6.23.tgz",
			"integrity": "sha1-6F1QgiDHTj9DpM5y7tUfPaTblNE="
		},
		"bindings": {
			"version": "1.2.1",
			"resolved": "https://registry.npmjs.org/bindings/-/bindings-1.2.1.tgz",
			"integrity": "sha1-FK1hE4EtLTfXLme0ystLtyZQXxE="
		},
		"bl": {
			"version": "1.1.2",
			"resolved": "https://registry.npmjs.org/bl/-/bl-1.1.2.tgz",
			"integrity": "sha1-/cqHGplxOqANGeO7ukHER4emU5g=",
			"dependencies": {
				"readable-stream": {
					"version": "2.0.6",
					"resolved": "https://registry.npmjs.org/readable-stream/-/readable-stream-2.0.6.tgz",
					"integrity": "sha1-j5A0HmilPMySh4jaz80Rs265t44="
				},
				"string_decoder": {
					"version": "0.10.31",
					"resolved": "https://registry.npmjs.org/string_decoder/-/string_decoder-0.10.31.tgz",
					"integrity": "sha1-YuIDvEF2bGwoyfyEMB2rHFMQ+pQ="
				}
			}
		},
		"bluebird": {
			"version": "3.5.0",
			"resolved": "https://registry.npmjs.org/bluebird/-/bluebird-3.5.0.tgz",
			"integrity": "sha1-eRQg1/VR7qKJdFOop3ZT+WYG1nw="
		},
		"boolbase": {
			"version": "1.0.0",
			"resolved": "https://registry.npmjs.org/boolbase/-/boolbase-1.0.0.tgz",
			"integrity": "sha1-aN/1++YMUes3cl6p4+0xDcwed24="
		},
		"boom": {
			"version": "2.10.1",
			"resolved": "https://registry.npmjs.org/boom/-/boom-2.10.1.tgz",
			"integrity": "sha1-OciRjO/1eZ+D+UkqhI9iWt0Mdm8="
		},
		"bson": {
			"version": "1.0.4",
			"resolved": "https://registry.npmjs.org/bson/-/bson-1.0.4.tgz",
			"integrity": "sha1-k8ENOeqltYQVy8QFLz5T5WKwtyw="
		},
		"buffer-shims": {
			"version": "1.0.0",
			"resolved": "https://registry.npmjs.org/buffer-shims/-/buffer-shims-1.0.0.tgz",
			"integrity": "sha1-mXjOMXOIxkmth5MCjDR37wRKi1E="
		},
		"caseless": {
			"version": "0.11.0",
			"resolved": "https://registry.npmjs.org/caseless/-/caseless-0.11.0.tgz",
			"integrity": "sha1-cVuW6phBWTzDMGeSP17GDr2k99c="
		},
		"chalk": {
			"version": "1.1.3",
			"resolved": "https://registry.npmjs.org/chalk/-/chalk-1.1.3.tgz",
			"integrity": "sha1-qBFcVeSnAv5NFQq9OHKCKn4J/Jg="
		},
		"cheerio": {
			"version": "0.19.0",
			"resolved": "https://registry.npmjs.org/cheerio/-/cheerio-0.19.0.tgz",
			"integrity": "sha1-dy5wFfLuKZZQltcepBdbdas1SSU=",
			"dependencies": {
				"lodash": {
					"version": "3.10.1",
					"resolved": "https://registry.npmjs.org/lodash/-/lodash-3.10.1.tgz",
					"integrity": "sha1-W/Rejkm6QYnhfUgnid/RW9FAt7Y="
				}
			}
		},
		"colors": {
			"version": "1.1.2",
			"resolved": "https://registry.npmjs.org/colors/-/colors-1.1.2.tgz",
			"integrity": "sha1-FopHAXVran9RoSzgyXv6KMCE7WM="
		},
		"combined-stream": {
			"version": "1.0.5",
			"resolved": "https://registry.npmjs.org/combined-stream/-/combined-stream-1.0.5.tgz",
			"integrity": "sha1-k4NwpXtKUd6ix3wV1cX9+JUWQAk="
		},
		"commander": {
			"version": "2.11.0",
			"resolved": "https://registry.npmjs.org/commander/-/commander-2.11.0.tgz",
			"integrity": "sha512-b0553uYA5YAEGgyYIGYROzKQ7X5RAqedkfjiZxwi0kL1g3bOaBNNZfYkzt/CL0umgD5wc9Jec2FbB98CjkMRvQ=="
		},
		"config-chain": {
			"version": "1.1.11",
			"resolved": "https://registry.npmjs.org/config-chain/-/config-chain-1.1.11.tgz",
			"integrity": "sha1-q6CXR9++TD5w52am5BWG4YWfxvI="
		},
		"core-util-is": {
			"version": "1.0.2",
			"resolved": "https://registry.npmjs.org/core-util-is/-/core-util-is-1.0.2.tgz",
			"integrity": "sha1-tf1UIgqivFq1eqtxQMlAdUUDwac="
		},
		"cryptiles": {
			"version": "2.0.5",
			"resolved": "https://registry.npmjs.org/cryptiles/-/cryptiles-2.0.5.tgz",
			"integrity": "sha1-O9/s3GCBR8HGcgL6KR59ylnqo7g="
		},
		"css-select": {
			"version": "1.0.0",
			"resolved": "https://registry.npmjs.org/css-select/-/css-select-1.0.0.tgz",
			"integrity": "sha1-sRIcpRhI3SZOIkTQWM7iVN7rRLA="
		},
		"css-what": {
			"version": "1.0.0",
			"resolved": "https://registry.npmjs.org/css-what/-/css-what-1.0.0.tgz",
			"integrity": "sha1-18wt9FGAZm+Z0rFEYmOUaeAPc2w="
		},
		"dashdash": {
			"version": "1.14.1",
			"resolved": "https://registry.npmjs.org/dashdash/-/dashdash-1.14.1.tgz",
			"integrity": "sha1-hTz6D3y+L+1d4gMmuN1YEDX24vA=",
			"dependencies": {
				"assert-plus": {
					"version": "1.0.0",
					"resolved": "https://registry.npmjs.org/assert-plus/-/assert-plus-1.0.0.tgz",
					"integrity": "sha1-8S4PPF13sLHN2RRpQuTpbB5N1SU="
				}
			}
		},
		"deasync": {
			"version": "0.1.10",
			"resolved": "https://registry.npmjs.org/deasync/-/deasync-0.1.10.tgz",
			"integrity": "sha1-TkpoNvvgR3vV+Qgwi9KpZVfV1/4="
		},
		"debug": {
			"version": "2.6.8",
			"resolved": "https://registry.npmjs.org/debug/-/debug-2.6.8.tgz",
			"integrity": "sha1-5zFTHKLt4n0YgiJCfaF4IdaP9Pw="
		},
		"delayed-stream": {
			"version": "1.0.0",
			"resolved": "https://registry.npmjs.org/delayed-stream/-/delayed-stream-1.0.0.tgz",
			"integrity": "sha1-3zrhmayt+31ECqrgsp4icrJOxhk="
		},
		"dom-serializer": {
			"version": "0.1.0",
			"resolved": "https://registry.npmjs.org/dom-serializer/-/dom-serializer-0.1.0.tgz",
			"integrity": "sha1-BzxpdUbOB4DOI75KKOKT5AvDDII=",
			"dependencies": {
				"domelementtype": {
					"version": "1.1.3",
					"resolved": "https://registry.npmjs.org/domelementtype/-/domelementtype-1.1.3.tgz",
					"integrity": "sha1-vSh3PiZCiBrsUVRJJCmcXNgiGFs="
				}
			}
		},
		"domelementtype": {
			"version": "1.3.0",
			"resolved": "https://registry.npmjs.org/domelementtype/-/domelementtype-1.3.0.tgz",
			"integrity": "sha1-sXrtguirWeUt2cGbF1bg/BhyBMI="
		},
		"domhandler": {
			"version": "2.3.0",
			"resolved": "https://registry.npmjs.org/domhandler/-/domhandler-2.3.0.tgz",
			"integrity": "sha1-LeWaCCLVAn+r/28DLCsloqir5zg="
		},
		"domutils": {
			"version": "1.4.3",
			"resolved": "https://registry.npmjs.org/domutils/-/domutils-1.4.3.tgz",
			"integrity": "sha1-CGVRN5bGswYDGFDhdVFrr4C3Km8="
		},
		"ecc-jsbn": {
			"version": "0.1.1",
			"resolved": "https://registry.npmjs.org/ecc-jsbn/-/ecc-jsbn-0.1.1.tgz",
			"integrity": "sha1-D8c6ntXw1Tw4GTOYUj735UN3dQU=",
			"optional": true
		},
		"editorconfig": {
			"version": "0.13.2",
			"resolved": "https://registry.npmjs.org/editorconfig/-/editorconfig-0.13.2.tgz",
			"integrity": "sha1-jleSbZ7mmrbLmZ8CfCFxRnrM6zU="
		},
		"entities": {
			"version": "1.1.1",
			"resolved": "https://registry.npmjs.org/entities/-/entities-1.1.1.tgz",
			"integrity": "sha1-blwtClYhtdra7O+AuQ7ftc13cvA="
		},
		"es6-promise": {
			"version": "3.2.1",
			"resolved": "https://registry.npmjs.org/es6-promise/-/es6-promise-3.2.1.tgz",
			"integrity": "sha1-7FYjOGgDKQkgcXDDlEjiREndH8Q="
		},
		"es6-shim": {
			"version": "0.35.3",
			"resolved": "https://registry.npmjs.org/es6-shim/-/es6-shim-0.35.3.tgz",
			"integrity": "sha1-m/tzY/7//4emzbbNk+QF7DxLbyY="
		},
		"escape-string-regexp": {
			"version": "1.0.5",
			"resolved": "https://registry.npmjs.org/escape-string-regexp/-/escape-string-regexp-1.0.5.tgz",
			"integrity": "sha1-G2HAViGQqN/2rjuyzwIAyhMLhtQ="
		},
		"extend": {
			"version": "3.0.1",
			"resolved": "https://registry.npmjs.org/extend/-/extend-3.0.1.tgz",
			"integrity": "sha1-p1Xqe8Gt/MWjHOfnYtuq3F5jZEQ="
		},
		"extsprintf": {
			"version": "1.0.2",
			"resolved": "https://registry.npmjs.org/extsprintf/-/extsprintf-1.0.2.tgz",
			"integrity": "sha1-4QgOBljjALBilJkMxw4VAiNf1VA="
		},
		"forever-agent": {
			"version": "0.6.1",
			"resolved": "https://registry.npmjs.org/forever-agent/-/forever-agent-0.6.1.tgz",
			"integrity": "sha1-+8cfDEGt6zf5bFd60e1C2P2sypE="
		},
		"form-data": {
			"version": "1.0.1",
			"resolved": "https://registry.npmjs.org/form-data/-/form-data-1.0.1.tgz",
			"integrity": "sha1-rjFduaSQf6BlUCMEpm13M0de43w="
		},
		"generate-function": {
			"version": "2.0.0",
			"resolved": "https://registry.npmjs.org/generate-function/-/generate-function-2.0.0.tgz",
			"integrity": "sha1-aFj+fAlpt9TpCTM3ZHrHn2DfvnQ="
		},
		"generate-object-property": {
			"version": "1.2.0",
			"resolved": "https://registry.npmjs.org/generate-object-property/-/generate-object-property-1.2.0.tgz",
			"integrity": "sha1-nA4cQDCM6AT0eDYYuTf6iPmdUNA="
		},
		"getpass": {
			"version": "0.1.7",
			"resolved": "https://registry.npmjs.org/getpass/-/getpass-0.1.7.tgz",
			"integrity": "sha1-Xv+OPmhNVprkyysSgmBOi6YhSfo=",
			"dependencies": {
				"assert-plus": {
					"version": "1.0.0",
					"resolved": "https://registry.npmjs.org/assert-plus/-/assert-plus-1.0.0.tgz",
					"integrity": "sha1-8S4PPF13sLHN2RRpQuTpbB5N1SU="
				}
			}
		},
		"graceful-fs": {
			"version": "4.1.11",
			"resolved": "https://registry.npmjs.org/graceful-fs/-/graceful-fs-4.1.11.tgz",
			"integrity": "sha1-Dovf5NHduIVNZOBOp8AOKgJuVlg="
		},
		"har-validator": {
			"version": "2.0.6",
			"resolved": "https://registry.npmjs.org/har-validator/-/har-validator-2.0.6.tgz",
			"integrity": "sha1-zcvAgYgmWtEZtqWnyKtw7s+10n0="
		},
		"has-ansi": {
			"version": "2.0.0",
			"resolved": "https://registry.npmjs.org/has-ansi/-/has-ansi-2.0.0.tgz",
			"integrity": "sha1-NPUEnOHs3ysGSa8+8k5F7TVBbZE="
		},
		"hawk": {
			"version": "3.1.3",
			"resolved": "https://registry.npmjs.org/hawk/-/hawk-3.1.3.tgz",
			"integrity": "sha1-B4REvXwWQLD+VA0sm3PVlnjo4cQ="
		},
		"hoek": {
			"version": "2.16.3",
			"resolved": "https://registry.npmjs.org/hoek/-/hoek-2.16.3.tgz",
			"integrity": "sha1-ILt0A9POo5jpHcRxCo/xuCdKJe0="
		},
		"htmlparser2": {
			"version": "3.8.3",
			"resolved": "https://registry.npmjs.org/htmlparser2/-/htmlparser2-3.8.3.tgz",
			"integrity": "sha1-mWwosZFRaovoZQGn15dX5ccMEGg=",
			"dependencies": {
				"domutils": {
					"version": "1.5.1",
					"resolved": "https://registry.npmjs.org/domutils/-/domutils-1.5.1.tgz",
					"integrity": "sha1-3NhIiib1Y9YQeeSMn3t+Mjc2gs8="
				},
				"entities": {
					"version": "1.0.0",
					"resolved": "https://registry.npmjs.org/entities/-/entities-1.0.0.tgz",
					"integrity": "sha1-sph6o4ITR/zeZCsk/fyeT7cSvyY="
				},
				"isarray": {
					"version": "0.0.1",
					"resolved": "https://registry.npmjs.org/isarray/-/isarray-0.0.1.tgz",
					"integrity": "sha1-ihis/Kmo9Bd+Cav8YDiTmwXR7t8="
				},
				"readable-stream": {
					"version": "1.1.14",
					"resolved": "https://registry.npmjs.org/readable-stream/-/readable-stream-1.1.14.tgz",
					"integrity": "sha1-fPTFTvZI44EwhMY23SB54WbAgdk="
				},
				"string_decoder": {
					"version": "0.10.31",
					"resolved": "https://registry.npmjs.org/string_decoder/-/string_decoder-0.10.31.tgz",
					"integrity": "sha1-YuIDvEF2bGwoyfyEMB2rHFMQ+pQ="
				}
			}
		},
		"http-signature": {
			"version": "1.1.1",
			"resolved": "https://registry.npmjs.org/http-signature/-/http-signature-1.1.1.tgz",
			"integrity": "sha1-33LiZwZs0Kxn+3at+OE0qPvPkb8="
		},
		"inherits": {
			"version": "2.0.3",
			"resolved": "https://registry.npmjs.org/inherits/-/inherits-2.0.3.tgz",
			"integrity": "sha1-Yzwsg+PaQqUC9SRmAiSA9CCCYd4="
		},
		"ini": {
			"version": "1.3.4",
			"resolved": "https://registry.npmjs.org/ini/-/ini-1.3.4.tgz",
			"integrity": "sha1-BTfLedr1m1mhpRff9wbIbsA5Fi4="
		},
		"is-my-json-valid": {
			"version": "2.16.0",
			"resolved": "https://registry.npmjs.org/is-my-json-valid/-/is-my-json-valid-2.16.0.tgz",
			"integrity": "sha1-8Hndm/2uZe4gOKrorLyGqxCeNpM="
		},
		"is-property": {
			"version": "1.0.2",
			"resolved": "https://registry.npmjs.org/is-property/-/is-property-1.0.2.tgz",
			"integrity": "sha1-V/4cTkhHTt1lsJkR8msc1Ald2oQ="
		},
		"is-typedarray": {
			"version": "1.0.0",
			"resolved": "https://registry.npmjs.org/is-typedarray/-/is-typedarray-1.0.0.tgz",
			"integrity": "sha1-5HnICFjfDBsR3dppQPlgEfzaSpo="
		},
		"isarray": {
			"version": "1.0.0",
			"resolved": "https://registry.npmjs.org/isarray/-/isarray-1.0.0.tgz",
			"integrity": "sha1-u5NdSFgsuhaMBoNJV6VKPgcSTxE="
		},
		"isstream": {
			"version": "0.1.2",
			"resolved": "https://registry.npmjs.org/isstream/-/isstream-0.1.2.tgz",
			"integrity": "sha1-R+Y/evVa+m+S4VAOaQ64uFKcCZo="
		},
		"jju": {
			"version": "1.3.0",
			"resolved": "https://registry.npmjs.org/jju/-/jju-1.3.0.tgz",
			"integrity": "sha1-2t2e8BkkvHKLA/L3l5vb1i96Kqo="
		},
		"js-beautify": {
			"version": "1.6.14",
			"resolved": "https://registry.npmjs.org/js-beautify/-/js-beautify-1.6.14.tgz",
			"integrity": "sha1-07j3Mi0CuSd9WL0jgmTDJ+WARM0="
		},
		"js-sha256": {
			"version": "0.3.2",
			"resolved": "https://registry.npmjs.org/js-sha256/-/js-sha256-0.3.2.tgz",
			"integrity": "sha1-2wlZJFUWQZHOgXGkiIzZV8Z78O0="
		},
		"jsbn": {
			"version": "0.1.1",
			"resolved": "https://registry.npmjs.org/jsbn/-/jsbn-0.1.1.tgz",
			"integrity": "sha1-peZUwuWi3rXyAdls77yoDA7y9RM=",
			"optional": true
		},
		"json-parse-helpfulerror": {
			"version": "1.0.3",
			"resolved": "https://registry.npmjs.org/json-parse-helpfulerror/-/json-parse-helpfulerror-1.0.3.tgz",
			"integrity": "sha1-E/FM4C7tTpgSl7ZOueO5MuLdE9w="
		},
		"json-schema": {
			"version": "0.2.3",
			"resolved": "https://registry.npmjs.org/json-schema/-/json-schema-0.2.3.tgz",
			"integrity": "sha1-tIDIkuWaLwWVTOcnvT8qTogvnhM="
		},
		"json-stringify-safe": {
			"version": "5.0.1",
			"resolved": "https://registry.npmjs.org/json-stringify-safe/-/json-stringify-safe-5.0.1.tgz",
			"integrity": "sha1-Epai1Y/UXxmg9s4B1lcB4sc1tus="
		},
		"jsonpointer": {
			"version": "4.0.1",
			"resolved": "https://registry.npmjs.org/jsonpointer/-/jsonpointer-4.0.1.tgz",
			"integrity": "sha1-T9kss04OnbPInIYi7PUfm5eMbLk="
		},
		"jsprim": {
			"version": "1.4.0",
			"resolved": "https://registry.npmjs.org/jsprim/-/jsprim-1.4.0.tgz",
			"integrity": "sha1-o7h+QCmNjDgFUtjMdiigu5WiKRg=",
			"dependencies": {
				"assert-plus": {
					"version": "1.0.0",
					"resolved": "https://registry.npmjs.org/assert-plus/-/assert-plus-1.0.0.tgz",
					"integrity": "sha1-8S4PPF13sLHN2RRpQuTpbB5N1SU="
				}
			}
		},
		"lodash": {
			"version": "4.17.4",
			"resolved": "https://registry.npmjs.org/lodash/-/lodash-4.17.4.tgz",
			"integrity": "sha1-eCA6TRwyiuHYbcpkYONptX9AVa4="
		},
		"lru-cache": {
			"version": "3.2.0",
			"resolved": "https://registry.npmjs.org/lru-cache/-/lru-cache-3.2.0.tgz",
			"integrity": "sha1-cXibO39Tmb7IVl3aOKow0qCX7+4="
		},
		"mime-db": {
			"version": "1.27.0",
			"resolved": "https://registry.npmjs.org/mime-db/-/mime-db-1.27.0.tgz",
			"integrity": "sha1-gg9XIpa70g7CXtVeW13oaeVDbrE="
		},
		"mime-types": {
			"version": "2.1.15",
			"resolved": "https://registry.npmjs.org/mime-types/-/mime-types-2.1.15.tgz",
			"integrity": "sha1-pOv1BkCUVpI3uM9wBGd20J/JKu0="
		},
		"minimist": {
			"version": "0.0.8",
			"resolved": "https://registry.npmjs.org/minimist/-/minimist-0.0.8.tgz",
			"integrity": "sha1-hX/Kv8M5fSYluCKCYuhqp6ARsF0="
		},
		"mkdirp": {
			"version": "0.5.1",
			"resolved": "https://registry.npmjs.org/mkdirp/-/mkdirp-0.5.1.tgz",
			"integrity": "sha1-MAV0OOrGz3+MR2fzhkjWaX11yQM="
		},
		"mongodb": {
			"version": "2.2.29",
			"resolved": "https://registry.npmjs.org/mongodb/-/mongodb-2.2.29.tgz",
			"integrity": "sha512-MrQvIsN6zN80I4hdFo8w46w51cIqD2FJBGsUfApX9GmjXA1aCclEAJbOHaQWjCtabeWq57S3ECzqEKg/9bdBhA=="
		},
		"mongodb-core": {
			"version": "2.1.13",
			"resolved": "https://registry.npmjs.org/mongodb-core/-/mongodb-core-2.1.13.tgz",
			"integrity": "sha512-mbcvqLLZwVcpTrsfBDY3hRNk2SDNJWOvKKxFJSc0pnUBhYojymBc/L0THfQsWwKJrkb2nIXSjfFll1mG/I5OqQ=="
		},
		"ms": {
			"version": "2.0.0",
			"resolved": "https://registry.npmjs.org/ms/-/ms-2.0.0.tgz",
			"integrity": "sha1-VgiurfwAvmwpAd9fmGF4jeDVl8g="
		},
		"nan": {
			"version": "2.6.2",
			"resolved": "https://registry.npmjs.org/nan/-/nan-2.6.2.tgz",
			"integrity": "sha1-5P805slf37WuzAjeZZb0NgWn20U="
		},
		"node-uuid": {
			"version": "1.4.8",
			"resolved": "https://registry.npmjs.org/node-uuid/-/node-uuid-1.4.8.tgz",
			"integrity": "sha1-sEDrCSOWivq/jTL7HxfxFn/auQc="
		},
		"nopt": {
			"version": "3.0.6",
			"resolved": "https://registry.npmjs.org/nopt/-/nopt-3.0.6.tgz",
			"integrity": "sha1-xkZdvwirzU2zWTF/eaxopkayj/k="
		},
		"nth-check": {
			"version": "1.0.1",
			"resolved": "https://registry.npmjs.org/nth-check/-/nth-check-1.0.1.tgz",
			"integrity": "sha1-mSms32KPwsQQmN6rgqxYDPFJquQ="
		},
		"oauth-sign": {
			"version": "0.8.2",
			"resolved": "https://registry.npmjs.org/oauth-sign/-/oauth-sign-0.8.2.tgz",
			"integrity": "sha1-Rqarfwrq2N6unsBWV4C31O/rnUM="
		},
		"origindb": {
			"version": "2.6.1",
			"resolved": "https://registry.npmjs.org/origindb/-/origindb-2.6.1.tgz",
			"integrity": "sha1-v2yBxjJZReGh3gZPy2mvJv5xcag="
		},
		"pinkie": {
			"version": "2.0.4",
			"resolved": "https://registry.npmjs.org/pinkie/-/pinkie-2.0.4.tgz",
			"integrity": "sha1-clVrgM+g1IqXToDnckjoDtT3+HA="
		},
		"pinkie-promise": {
			"version": "2.0.1",
			"resolved": "https://registry.npmjs.org/pinkie-promise/-/pinkie-promise-2.0.1.tgz",
			"integrity": "sha1-ITXW36ejWMBprJsXh3YogihFD/o="
		},
		"process-nextick-args": {
			"version": "1.0.7",
			"resolved": "https://registry.npmjs.org/process-nextick-args/-/process-nextick-args-1.0.7.tgz",
			"integrity": "sha1-FQ4gt1ZZCtP5EJPyWk8q2L/zC6M="
		},
		"proto-list": {
			"version": "1.2.4",
			"resolved": "https://registry.npmjs.org/proto-list/-/proto-list-1.2.4.tgz",
			"integrity": "sha1-IS1b/hMYMGpCD2QCuOJv85ZHqEk="
		},
		"pseudomap": {
			"version": "1.0.2",
			"resolved": "https://registry.npmjs.org/pseudomap/-/pseudomap-1.0.2.tgz",
			"integrity": "sha1-8FKijacOYYkX7wqKw0wa5aaChrM="
		},
		"punycode": {
			"version": "1.4.1",
			"resolved": "https://registry.npmjs.org/punycode/-/punycode-1.4.1.tgz",
			"integrity": "sha1-wNWmOycYgArY4esPpSachN1BhF4="
		},
		"qs": {
			"version": "6.2.3",
			"resolved": "https://registry.npmjs.org/qs/-/qs-6.2.3.tgz",
			"integrity": "sha1-HPyyXBCpsrSDBT/zn138kjOQjP4="
		},
		"readable-stream": {
			"version": "2.2.7",
			"resolved": "https://registry.npmjs.org/readable-stream/-/readable-stream-2.2.7.tgz",
			"integrity": "sha1-BwV6y+JGeyIELTb5jFrVBwVOlbE="
		},
		"request": {
			"version": "2.74.0",
			"resolved": "https://registry.npmjs.org/request/-/request-2.74.0.tgz",
			"integrity": "sha1-dpPKdou7DqXIzgjAhKRe+gW4kqs="
		},
		"require_optional": {
			"version": "1.0.1",
			"resolved": "https://registry.npmjs.org/require_optional/-/require_optional-1.0.1.tgz",
			"integrity": "sha512-qhM/y57enGWHAe3v/NcwML6a3/vfESLe/sGM2dII+gEO0BpKRUkWZow/tyloNqJyN6kXSl3RyyM8Ll5D/sJP8g=="
		},
		"resolve-from": {
			"version": "2.0.0",
			"resolved": "https://registry.npmjs.org/resolve-from/-/resolve-from-2.0.0.tgz",
			"integrity": "sha1-lICrIOlP+h2egKgEx+oUdhGWa1c="
		},
		"safe-buffer": {
			"version": "5.1.1",
			"resolved": "https://registry.npmjs.org/safe-buffer/-/safe-buffer-5.1.1.tgz",
			"integrity": "sha512-kKvNJn6Mm93gAczWVJg7wH+wGYWNrDHdWvpUmHyEsgCtIwwo3bqPtV4tR5tuPaUhTOo/kvhVwd8XwwOllGYkbg=="
		},
		"semver": {
			"version": "5.3.0",
			"resolved": "https://registry.npmjs.org/semver/-/semver-5.3.0.tgz",
			"integrity": "sha1-myzl094C0XxgEq0yaqa00M9U+U8="
		},
		"sigmund": {
			"version": "1.0.1",
			"resolved": "https://registry.npmjs.org/sigmund/-/sigmund-1.0.1.tgz",
			"integrity": "sha1-P/IfGYytIXX587eBhT/ZTQ0ZtZA="
		},
		"skyweb": {
			"version": "0.3.1",
			"resolved": "https://registry.npmjs.org/skyweb/-/skyweb-0.3.1.tgz",
			"integrity": "sha1-oC5YHp0i3bbBgT3ZIHKtGsOyRFM="
		},
		"sntp": {
			"version": "1.0.9",
			"resolved": "https://registry.npmjs.org/sntp/-/sntp-1.0.9.tgz",
			"integrity": "sha1-ZUEYTMkK7qbG57NeJlkIJEPGYZg="
		},
		"sshpk": {
			"version": "1.13.1",
			"resolved": "https://registry.npmjs.org/sshpk/-/sshpk-1.13.1.tgz",
			"integrity": "sha1-US322mKHFEMW3EwY/hzx2UBzm+M=",
			"dependencies": {
				"assert-plus": {
					"version": "1.0.0",
					"resolved": "https://registry.npmjs.org/assert-plus/-/assert-plus-1.0.0.tgz",
					"integrity": "sha1-8S4PPF13sLHN2RRpQuTpbB5N1SU="
				}
			}
		},
		"steno": {
			"version": "0.4.4",
			"resolved": "https://registry.npmjs.org/steno/-/steno-0.4.4.tgz",
			"integrity": "sha1-BxEFvfwobmYVwEA8J+nXtdy4Vcs="
		},
		"string_decoder": {
			"version": "1.0.3",
			"resolved": "https://registry.npmjs.org/string_decoder/-/string_decoder-1.0.3.tgz",
			"integrity": "sha512-4AH6Z5fzNNBcH+6XDMfA/BTt87skxqJlO0lAh3Dker5zThcAxG6mKz+iGu308UKoPPQ8Dcqx/4JhujzltRa+hQ=="
		},
		"stringstream": {
			"version": "0.0.5",
			"resolved": "https://registry.npmjs.org/stringstream/-/stringstream-0.0.5.tgz",
			"integrity": "sha1-TkhM1N5aC7vuGORjB3EKioFiGHg="
		},
		"strip-ansi": {
			"version": "3.0.1",
			"resolved": "https://registry.npmjs.org/strip-ansi/-/strip-ansi-3.0.1.tgz",
			"integrity": "sha1-ajhfuIU9lS1f8F0Oiq+UJ43GPc8="
		},
		"sugar": {
			"version": "2.0.4",
			"resolved": "https://registry.npmjs.org/sugar/-/sugar-2.0.4.tgz",
			"integrity": "sha1-eab6TavFh/uFWlLucXbdBCv3V7A="
		},
		"sugar-core": {
			"version": "2.0.4",
			"resolved": "https://registry.npmjs.org/sugar-core/-/sugar-core-2.0.4.tgz",
			"integrity": "sha1-nbBzDmxH630oGEp5xKsYsreUbKA="
		},
		"supports-color": {
			"version": "2.0.0",
			"resolved": "https://registry.npmjs.org/supports-color/-/supports-color-2.0.0.tgz",
			"integrity": "sha1-U10EXOa2Nj+kARcIRimZXp3zJMc="
		},
		"tough-cookie": {
			"version": "2.3.2",
			"resolved": "https://registry.npmjs.org/tough-cookie/-/tough-cookie-2.3.2.tgz",
			"integrity": "sha1-8IH3bkyFcg5sN6X6ztc3FQ2EByo="
		},
		"tunnel-agent": {
			"version": "0.4.3",
			"resolved": "https://registry.npmjs.org/tunnel-agent/-/tunnel-agent-0.4.3.tgz",
			"integrity": "sha1-Y3PbdpCf5XDgjXNYM2Xtgop07us="
		},
		"tweetnacl": {
			"version": "0.14.5",
			"resolved": "https://registry.npmjs.org/tweetnacl/-/tweetnacl-0.14.5.tgz",
			"integrity": "sha1-WuaBd/GS1EViadEIr6k/+HQ/T2Q=",
			"optional": true
		},
		"typedarray-to-buffer": {
			"version": "3.1.2",
			"resolved": "https://registry.npmjs.org/typedarray-to-buffer/-/typedarray-to-buffer-3.1.2.tgz",
			"integrity": "sha1-EBezLZhP9VbroQD1AViauhrOLgQ="
		},
		"util-deprecate": {
			"version": "1.0.2",
			"resolved": "https://registry.npmjs.org/util-deprecate/-/util-deprecate-1.0.2.tgz",
			"integrity": "sha1-RQ1Nyfpw3nMnYvvS1KKJgUGaDM8="
		},
		"verror": {
			"version": "1.3.6",
			"resolved": "https://registry.npmjs.org/verror/-/verror-1.3.6.tgz",
			"integrity": "sha1-z/XfEpRtKX0rqu+qJoniW+AcAFw="
		},
		"websocket": {
			"version": "1.0.24",
			"resolved": "https://registry.npmjs.org/websocket/-/websocket-1.0.24.tgz",
			"integrity": "sha1-dJA+dfJUW2suHeFCW8HJBZF6GJA="
		},
		"xtend": {
			"version": "4.0.1",
			"resolved": "https://registry.npmjs.org/xtend/-/xtend-4.0.1.tgz",
			"integrity": "sha1-pcbVMr5lbiPbgg77lDofBJmNY68="
		},
		"yaeti": {
			"version": "0.0.6",
			"resolved": "https://registry.npmjs.org/yaeti/-/yaeti-0.0.6.tgz",
			"integrity": "sha1-8m9ITXJoTPQr7ft2lwqhYI+/lXc="
		}
	}
}
